// !$*UTF8*$!
{
	archiveVersion = 1;
	classes = {
	};
	objectVersion = 50;
	objects = {

/* Begin PBXBuildFile section */
		F36F465E20F6742500955A69 /* ViewController2.swift in Sources */ = {isa = PBXBuildFile; fileRef = F36F465D20F6742500955A69 /* ViewController2.swift */; };
		F3AC2CBC20F52C00002C2B8E /* AppDelegate.swift in Sources */ = {isa = PBXBuildFile; fileRef = F3AC2CBB20F52C00002C2B8E /* AppDelegate.swift */; };
		F3AC2CBE20F52C00002C2B8E /* ViewController.swift in Sources */ = {isa = PBXBuildFile; fileRef = F3AC2CBD20F52C00002C2B8E /* ViewController.swift */; };
		F3AC2CC120F52C00002C2B8E /* Main.storyboard in Resources */ = {isa = PBXBuildFile; fileRef = F3AC2CBF20F52C00002C2B8E /* Main.storyboard */; };
		F3AC2CC320F52C01002C2B8E /* Assets.xcassets in Resources */ = {isa = PBXBuildFile; fileRef = F3AC2CC220F52C01002C2B8E /* Assets.xcassets */; };
		F3AC2CC620F52C01002C2B8E /* LaunchScreen.storyboard in Resources */ = {isa = PBXBuildFile; fileRef = F3AC2CC420F52C01002C2B8E /* LaunchScreen.storyboard */; };
		F3AC2CD120F52C01002C2B8E /* app_practiceTests.swift in Sources */ = {isa = PBXBuildFile; fileRef = F3AC2CD020F52C01002C2B8E /* app_practiceTests.swift */; };
/* End PBXBuildFile section */

/* Begin PBXContainerItemProxy section */
		F3AC2CCD20F52C01002C2B8E /* PBXContainerItemProxy */ = {
			isa = PBXContainerItemProxy;
			containerPortal = F3AC2CB020F52C00002C2B8E /* Project object */;
			proxyType = 1;
			remoteGlobalIDString = F3AC2CB720F52C00002C2B8E;
			remoteInfo = "app-practice";
		};
/* End PBXContainerItemProxy section */

/* Begin PBXFileReference section */
		F36F465D20F6742500955A69 /* ViewController2.swift */ = {isa = PBXFileReference; lastKnownFileType = sourcecode.swift; path = ViewController2.swift; sourceTree = "<group>"; };
		F3AC2CB820F52C00002C2B8E /* app-practice.app */ = {isa = PBXFileReference; explicitFileType = wrapper.application; includeInIndex = 0; path = "app-practice.app"; sourceTree = BUILT_PRODUCTS_DIR; };
		F3AC2CBB20F52C00002C2B8E /* AppDelegate.swift */ = {isa = PBXFileReference; lastKnownFileType = sourcecode.swift; path = AppDelegate.swift; sourceTree = "<group>"; };
		F3AC2CBD20F52C00002C2B8E /* ViewController.swift */ = {isa = PBXFileReference; lastKnownFileType = sourcecode.swift; path = ViewController.swift; sourceTree = "<group>"; };
		F3AC2CC020F52C00002C2B8E /* Base */ = {isa = PBXFileReference; lastKnownFileType = file.storyboard; name = Base; path = Base.lproj/Main.storyboard; sourceTree = "<group>"; };
		F3AC2CC220F52C01002C2B8E /* Assets.xcassets */ = {isa = PBXFileReference; lastKnownFileType = folder.assetcatalog; path = Assets.xcassets; sourceTree = "<group>"; };
		F3AC2CC520F52C01002C2B8E /* Base */ = {isa = PBXFileReference; lastKnownFileType = file.storyboard; name = Base; path = Base.lproj/LaunchScreen.storyboard; sourceTree = "<group>"; };
		F3AC2CC720F52C01002C2B8E /* Info.plist */ = {isa = PBXFileReference; lastKnownFileType = text.plist.xml; path = Info.plist; sourceTree = "<group>"; };
		F3AC2CCC20F52C01002C2B8E /* app-practiceTests.xctest */ = {isa = PBXFileReference; explicitFileType = wrapper.cfbundle; includeInIndex = 0; path = "app-practiceTests.xctest"; sourceTree = BUILT_PRODUCTS_DIR; };
		F3AC2CD020F52C01002C2B8E /* app_practiceTests.swift */ = {isa = PBXFileReference; lastKnownFileType = sourcecode.swift; path = app_practiceTests.swift; sourceTree = "<group>"; };
		F3AC2CD220F52C01002C2B8E /* Info.plist */ = {isa = PBXFileReference; lastKnownFileType = text.plist.xml; path = Info.plist; sourceTree = "<group>"; };
/* End PBXFileReference section */

/* Begin PBXFrameworksBuildPhase section */
		F3AC2CB520F52C00002C2B8E /* Frameworks */ = {
			isa = PBXFrameworksBuildPhase;
			buildActionMask = 2147483647;
			files = (
			);
			runOnlyForDeploymentPostprocessing = 0;
		};
		F3AC2CC920F52C01002C2B8E /* Frameworks */ = {
			isa = PBXFrameworksBuildPhase;
			buildActionMask = 2147483647;
			files = (
			);
			runOnlyForDeploymentPostprocessing = 0;
		};
/* End PBXFrameworksBuildPhase section */

/* Begin PBXGroup section */
		F3AC2CAF20F52C00002C2B8E = {
			isa = PBXGroup;
			children = (
				F3AC2CBA20F52C00002C2B8E /* app-practice */,
				F3AC2CCF20F52C01002C2B8E /* app-practiceTests */,
				F3AC2CB920F52C00002C2B8E /* Products */,
			);
			sourceTree = "<group>";
		};
		F3AC2CB920F52C00002C2B8E /* Products */ = {
			isa = PBXGroup;
			children = (
				F3AC2CB820F52C00002C2B8E /* app-practice.app */,
				F3AC2CCC20F52C01002C2B8E /* app-practiceTests.xctest */,
			);
			name = Products;
			sourceTree = "<group>";
		};
		F3AC2CBA20F52C00002C2B8E /* app-practice */ = {
			isa = PBXGroup;
			children = (
				F3AC2CBB20F52C00002C2B8E /* AppDelegate.swift */,
				F3AC2CBD20F52C00002C2B8E /* ViewController.swift */,
				F36F465D20F6742500955A69 /* ViewController2.swift */,
				F3AC2CBF20F52C00002C2B8E /* Main.storyboard */,
				F3AC2CC220F52C01002C2B8E /* Assets.xcassets */,
				F3AC2CC420F52C01002C2B8E /* LaunchScreen.storyboard */,
				F3AC2CC720F52C01002C2B8E /* Info.plist */,
			);
			path = "app-practice";
			sourceTree = "<group>";
		};
		F3AC2CCF20F52C01002C2B8E /* app-practiceTests */ = {
			isa = PBXGroup;
			children = (
				F3AC2CD020F52C01002C2B8E /* app_practiceTests.swift */,
				F3AC2CD220F52C01002C2B8E /* Info.plist */,
			);
			path = "app-practiceTests";
			sourceTree = "<group>";
		};
/* End PBXGroup section */

/* Begin PBXNativeTarget section */
		F3AC2CB720F52C00002C2B8E /* app-practice */ = {
			isa = PBXNativeTarget;
			buildConfigurationList = F3AC2CD520F52C01002C2B8E /* Build configuration list for PBXNativeTarget "app-practice" */;
			buildPhases = (
				F3AC2CB420F52C00002C2B8E /* Sources */,
				F3AC2CB520F52C00002C2B8E /* Frameworks */,
				F3AC2CB620F52C00002C2B8E /* Resources */,
			);
			buildRules = (
			);
			dependencies = (
			);
			name = "app-practice";
			productName = "app-practice";
			productReference = F3AC2CB820F52C00002C2B8E /* app-practice.app */;
			productType = "com.apple.product-type.application";
		};
		F3AC2CCB20F52C01002C2B8E /* app-practiceTests */ = {
			isa = PBXNativeTarget;
			buildConfigurationList = F3AC2CD820F52C01002C2B8E /* Build configuration list for PBXNativeTarget "app-practiceTests" */;
			buildPhases = (
				F3AC2CC820F52C01002C2B8E /* Sources */,
				F3AC2CC920F52C01002C2B8E /* Frameworks */,
				F3AC2CCA20F52C01002C2B8E /* Resources */,
			);
			buildRules = (
			);
			dependencies = (
				F3AC2CCE20F52C01002C2B8E /* PBXTargetDependency */,
			);
			name = "app-practiceTests";
			productName = "app-practiceTests";
			productReference = F3AC2CCC20F52C01002C2B8E /* app-practiceTests.xctest */;
			productType = "com.apple.product-type.bundle.unit-test";
		};
/* End PBXNativeTarget section */

/* Begin PBXProject section */
		F3AC2CB020F52C00002C2B8E /* Project object */ = {
			isa = PBXProject;
			attributes = {
				LastSwiftUpdateCheck = 0940;
				LastUpgradeCheck = 0940;
				ORGANIZATIONNAME = "Felicia Hou";
				TargetAttributes = {
					F3AC2CB720F52C00002C2B8E = {
						CreatedOnToolsVersion = 9.4.1;
					};
					F3AC2CCB20F52C01002C2B8E = {
						CreatedOnToolsVersion = 9.4.1;
						TestTargetID = F3AC2CB720F52C00002C2B8E;
					};
				};
			};
			buildConfigurationList = F3AC2CB320F52C00002C2B8E /* Build configuration list for PBXProject "app-practice" */;
			compatibilityVersion = "Xcode 9.3";
			developmentRegion = en;
			hasScannedForEncodings = 0;
			knownRegions = (
				en,
				Base,
			);
			mainGroup = F3AC2CAF20F52C00002C2B8E;
			productRefGroup = F3AC2CB920F52C00002C2B8E /* Products */;
			projectDirPath = "";
			projectRoot = "";
			targets = (
				F3AC2CB720F52C00002C2B8E /* app-practice */,
				F3AC2CCB20F52C01002C2B8E /* app-practiceTests */,
			);
		};
/* End PBXProject section */

/* Begin PBXResourcesBuildPhase section */
		F3AC2CB620F52C00002C2B8E /* Resources */ = {
			isa = PBXResourcesBuildPhase;
			buildActionMask = 2147483647;
			files = (
				F3AC2CC620F52C01002C2B8E /* LaunchScreen.storyboard in Resources */,
				F3AC2CC320F52C01002C2B8E /* Assets.xcassets in Resources */,
				F3AC2CC120F52C00002C2B8E /* Main.storyboard in Resources */,
			);
			runOnlyForDeploymentPostprocessing = 0;
		};
		F3AC2CCA20F52C01002C2B8E /* Resources */ = {
			isa = PBXResourcesBuildPhase;
			buildActionMask = 2147483647;
			files = (
			);
			runOnlyForDeploymentPostprocessing = 0;
		};
/* End PBXResourcesBuildPhase section */

/* Begin PBXSourcesBuildPhase section */
		F3AC2CB420F52C00002C2B8E /* Sources */ = {
			isa = PBXSourcesBuildPhase;
			buildActionMask = 2147483647;
			files = (
				F3AC2CBE20F52C00002C2B8E /* ViewController.swift in Sources */,
				F3AC2CBC20F52C00002C2B8E /* AppDelegate.swift in Sources */,
				F36F465E20F6742500955A69 /* ViewController2.swift in Sources */,
			);
			runOnlyForDeploymentPostprocessing = 0;
		};
		F3AC2CC820F52C01002C2B8E /* Sources */ = {
			isa = PBXSourcesBuildPhase;
			buildActionMask = 2147483647;
			files = (
				F3AC2CD120F52C01002C2B8E /* app_practiceTests.swift in Sources */,
			);
			runOnlyForDeploymentPostprocessing = 0;
		};
/* End PBXSourcesBuildPhase section */

/* Begin PBXTargetDependency section */
		F3AC2CCE20F52C01002C2B8E /* PBXTargetDependency */ = {
			isa = PBXTargetDependency;
			target = F3AC2CB720F52C00002C2B8E /* app-practice */;
			targetProxy = F3AC2CCD20F52C01002C2B8E /* PBXContainerItemProxy */;
		};
/* End PBXTargetDependency section */

/* Begin PBXVariantGroup section */
		F3AC2CBF20F52C00002C2B8E /* Main.storyboard */ = {
			isa = PBXVariantGroup;
			children = (
				F3AC2CC020F52C00002C2B8E /* Base */,
			);
			name = Main.storyboard;
			sourceTree = "<group>";
		};
		F3AC2CC420F52C01002C2B8E /* LaunchScreen.storyboard */ = {
			isa = PBXVariantGroup;
			children = (
				F3AC2CC520F52C01002C2B8E /* Base */,
			);
			name = LaunchScreen.storyboard;
			sourceTree = "<group>";
		};
/* End PBXVariantGroup section */

/* Begin XCBuildConfiguration section */
		F3AC2CD320F52C01002C2B8E /* Debug */ = {
			isa = XCBuildConfiguration;
			buildSettings = {
				ALWAYS_SEARCH_USER_PATHS = NO;
				CLANG_ANALYZER_NONNULL = YES;
				CLANG_ANALYZER_NUMBER_OBJECT_CONVERSION = YES_AGGRESSIVE;
				CLANG_CXX_LANGUAGE_STANDARD = "gnu++14";
				CLANG_CXX_LIBRARY = "libc++";
				CLANG_ENABLE_MODULES = YES;
				CLANG_ENABLE_OBJC_ARC = YES;
				CLANG_ENABLE_OBJC_WEAK = YES;
				CLANG_WARN_BLOCK_CAPTURE_AUTORELEASING = YES;
				CLANG_WARN_BOOL_CONVERSION = YES;
				CLANG_WARN_COMMA = YES;
				CLANG_WARN_CONSTANT_CONVERSION = YES;
				CLANG_WARN_DEPRECATED_OBJC_IMPLEMENTATIONS = YES;
				CLANG_WARN_DIRECT_OBJC_ISA_USAGE = YES_ERROR;
				CLANG_WARN_DOCUMENTATION_COMMENTS = YES;
				CLANG_WARN_EMPTY_BODY = YES;
				CLANG_WARN_ENUM_CONVERSION = YES;
				CLANG_WARN_INFINITE_RECURSION = YES;
				CLANG_WARN_INT_CONVERSION = YES;
				CLANG_WARN_NON_LITERAL_NULL_CONVERSION = YES;
				CLANG_WARN_OBJC_IMPLICIT_RETAIN_SELF = YES;
				CLANG_WARN_OBJC_LITERAL_CONVERSION = YES;
				CLANG_WARN_OBJC_ROOT_CLASS = YES_ERROR;
				CLANG_WARN_RANGE_LOOP_ANALYSIS = YES;
				CLANG_WARN_STRICT_PROTOTYPES = YES;
				CLANG_WARN_SUSPICIOUS_MOVE = YES;
				CLANG_WARN_UNGUARDED_AVAILABILITY = YES_AGGRESSIVE;
				CLANG_WARN_UNREACHABLE_CODE = YES;
				CLANG_WARN__DUPLICATE_METHOD_MATCH = YES;
				CODE_SIGN_IDENTITY = "iPhone Developer";
				COPY_PHASE_STRIP = NO;
				DEBUG_INFORMATION_FORMAT = dwarf;
				ENABLE_STRICT_OBJC_MSGSEND = YES;
				ENABLE_TESTABILITY = YES;
				GCC_C_LANGUAGE_STANDARD = gnu11;
				GCC_DYNAMIC_NO_PIC = NO;
				GCC_NO_COMMON_BLOCKS = YES;
				GCC_OPTIMIZATION_LEVEL = 0;
				GCC_PREPROCESSOR_DEFINITIONS = (
					"DEBUG=1",
					"$(inherited)",
				);
				GCC_WARN_64_TO_32_BIT_CONVERSION = YES;
				GCC_WARN_ABOUT_RETURN_TYPE = YES_ERROR;
				GCC_WARN_UNDECLARED_SELECTOR = YES;
				GCC_WARN_UNINITIALIZED_AUTOS = YES_AGGRESSIVE;
				GCC_WARN_UNUSED_FUNCTION = YES;
				GCC_WARN_UNUSED_VARIABLE = YES;
				IPHONEOS_DEPLOYMENT_TARGET = 11.4;
				MTL_ENABLE_DEBUG_INFO = YES;
				ONLY_ACTIVE_ARCH = YES;
				SDKROOT = iphoneos;
				SWIFT_ACTIVE_COMPILATION_CONDITIONS = DEBUG;
				SWIFT_OPTIMIZATION_LEVEL = "-Onone";
			};
			name = Debug;
		};
		F3AC2CD420F52C01002C2B8E /* Release */ = {
			isa = XCBuildConfiguration;
			buildSettings = {
				ALWAYS_SEARCH_USER_PATHS = NO;
				CLANG_ANALYZER_NONNULL = YES;
				CLANG_ANALYZER_NUMBER_OBJECT_CONVERSION = YES_AGGRESSIVE;
				CLANG_CXX_LANGUAGE_STANDARD = "gnu++14";
				CLANG_CXX_LIBRARY = "libc++";
				CLANG_ENABLE_MODULES = YES;
				CLANG_ENABLE_OBJC_ARC = YES;
				CLANG_ENABLE_OBJC_WEAK = YES;
				CLANG_WARN_BLOCK_CAPTURE_AUTORELEASING = YES;
				CLANG_WARN_BOOL_CONVERSION = YES;
				CLANG_WARN_COMMA = YES;
				CLANG_WARN_CONSTANT_CONVERSION = YES;
				CLANG_WARN_DEPRECATED_OBJC_IMPLEMENTATIONS = YES;
				CLANG_WARN_DIRECT_OBJC_ISA_USAGE = YES_ERROR;
				CLANG_WARN_DOCUMENTATION_COMMENTS = YES;
				CLANG_WARN_EMPTY_BODY = YES;
				CLANG_WARN_ENUM_CONVERSION = YES;
				CLANG_WARN_INFINITE_RECURSION = YES;
				CLANG_WARN_INT_CONVERSION = YES;
				CLANG_WARN_NON_LITERAL_NULL_CONVERSION = YES;
				CLANG_WARN_OBJC_IMPLICIT_RETAIN_SELF = YES;
				CLANG_WARN_OBJC_LITERAL_CONVERSION = YES;
				CLANG_WARN_OBJC_ROOT_CLASS = YES_ERROR;
				CLANG_WARN_RANGE_LOOP_ANALYSIS = YES;
				CLANG_WARN_STRICT_PROTOTYPES = YES;
				CLANG_WARN_SUSPICIOUS_MOVE = YES;
				CLANG_WARN_UNGUARDED_AVAILABILITY = YES_AGGRESSIVE;
				CLANG_WARN_UNREACHABLE_CODE = YES;
				CLANG_WARN__DUPLICATE_METHOD_MATCH = YES;
				CODE_SIGN_IDENTITY = "iPhone Developer";
				COPY_PHASE_STRIP = NO;
				DEBUG_INFORMATION_FORMAT = "dwarf-with-dsym";
				ENABLE_NS_ASSERTIONS = NO;
				ENABLE_STRICT_OBJC_MSGSEND = YES;
				GCC_C_LANGUAGE_STANDARD = gnu11;
				GCC_NO_COMMON_BLOCKS = YES;
				GCC_WARN_64_TO_32_BIT_CONVERSION = YES;
				GCC_WARN_ABOUT_RETURN_TYPE = YES_ERROR;
				GCC_WARN_UNDECLARED_SELECTOR = YES;
				GCC_WARN_UNINITIALIZED_AUTOS = YES_AGGRESSIVE;
				GCC_WARN_UNUSED_FUNCTION = YES;
				GCC_WARN_UNUSED_VARIABLE = YES;
				IPHONEOS_DEPLOYMENT_TARGET = 11.4;
				MTL_ENABLE_DEBUG_INFO = NO;
				SDKROOT = iphoneos;
				SWIFT_COMPILATION_MODE = wholemodule;
				SWIFT_OPTIMIZATION_LEVEL = "-O";
				VALIDATE_PRODUCT = YES;
			};
			name = Release;
		};
		F3AC2CD620F52C01002C2B8E /* Debug */ = {
			isa = XCBuildConfiguration;
			buildSettings = {
				ASSETCATALOG_COMPILER_APPICON_NAME = AppIcon;
				CODE_SIGN_STYLE = Automatic;
				INFOPLIST_FILE = "app-practice/Info.plist";
				LD_RUNPATH_SEARCH_PATHS = (
					"$(inherited)",
					"@executable_path/Frameworks",
				);
				PRODUCT_BUNDLE_IDENTIFIER = "com.example.app-practice";
				PRODUCT_NAME = "$(TARGET_NAME)";
				SWIFT_VERSION = 4.0;
				TARGETED_DEVICE_FAMILY = "1,2";
			};
			name = Debug;
		};
		F3AC2CD720F52C01002C2B8E /* Release */ = {
			isa = XCBuildConfiguration;
			buildSettings = {
				ASSETCATALOG_COMPILER_APPICON_NAME = AppIcon;
				CODE_SIGN_STYLE = Automatic;
				INFOPLIST_FILE = "app-practice/Info.plist";
				LD_RUNPATH_SEARCH_PATHS = (
					"$(inherited)",
					"@executable_path/Frameworks",
				);
				PRODUCT_BUNDLE_IDENTIFIER = "com.example.app-practice";
				PRODUCT_NAME = "$(TARGET_NAME)";
				SWIFT_VERSION = 4.0;
				TARGETED_DEVICE_FAMILY = "1,2";
			};
			name = Release;
		};
		F3AC2CD920F52C01002C2B8E /* Debug */ = {
			isa = XCBuildConfiguration;
			buildSettings = {
				ALWAYS_EMBED_SWIFT_STANDARD_LIBRARIES = YES;
				BUNDLE_LOADER = "$(TEST_HOST)";
				CODE_SIGN_STYLE = Automatic;
				INFOPLIST_FILE = "app-practiceTests/Info.plist";
				LD_RUNPATH_SEARCH_PATHS = (
					"$(inherited)",
					"@executable_path/Frameworks",
					"@loader_path/Frameworks",
				);
				PRODUCT_BUNDLE_IDENTIFIER = "com.example.app-practiceTests";
				PRODUCT_NAME = "$(TARGET_NAME)";
				SWIFT_VERSION = 4.0;
				TARGETED_DEVICE_FAMILY = "1,2";
				TEST_HOST = "$(BUILT_PRODUCTS_DIR)/app-practice.app/app-practice";
			};
			name = Debug;
		};
		F3AC2CDA20F52C01002C2B8E /* Release */ = {
			isa = XCBuildConfiguration;
			buildSettings = {
				ALWAYS_EMBED_SWIFT_STANDARD_LIBRARIES = YES;
				BUNDLE_LOADER = "$(TEST_HOST)";
				CODE_SIGN_STYLE = Automatic;
				INFOPLIST_FILE = "app-practiceTests/Info.plist";
				LD_RUNPATH_SEARCH_PATHS = (
					"$(inherited)",
					"@executable_path/Frameworks",
					"@loader_path/Frameworks",
				);
				PRODUCT_BUNDLE_IDENTIFIER = "com.example.app-practiceTests";
				PRODUCT_NAME = "$(TARGET_NAME)";
				SWIFT_VERSION = 4.0;
				TARGETED_DEVICE_FAMILY = "1,2";
				TEST_HOST = "$(BUILT_PRODUCTS_DIR)/app-practice.app/app-practice";
			};
			name = Release;
		};
/* End XCBuildConfiguration section */

/* Begin XCConfigurationList section */
		F3AC2CB320F52C00002C2B8E /* Build configuration list for PBXProject "app-practice" */ = {
			isa = XCConfigurationList;
			buildConfigurations = (
				F3AC2CD320F52C01002C2B8E /* Debug */,
				F3AC2CD420F52C01002C2B8E /* Release */,
			);
			defaultConfigurationIsVisible = 0;
			defaultConfigurationName = Release;
		};
		F3AC2CD520F52C01002C2B8E /* Build configuration list for PBXNativeTarget "app-practice" */ = {
			isa = XCConfigurationList;
			buildConfigurations = (
				F3AC2CD620F52C01002C2B8E /* Debug */,
				F3AC2CD720F52C01002C2B8E /* Release */,
			);
			defaultConfigurationIsVisible = 0;
			defaultConfigurationName = Release;
		};
		F3AC2CD820F52C01002C2B8E /* Build configuration list for PBXNativeTarget "app-practiceTests" */ = {
			isa = XCConfigurationList;
			buildConfigurations = (
				F3AC2CD920F52C01002C2B8E /* Debug */,
				F3AC2CDA20F52C01002C2B8E /* Release */,
			);
			defaultConfigurationIsVisible = 0;
			defaultConfigurationName = Release;
		};
/* End XCConfigurationList section */
	};
	rootObject = F3AC2CB020F52C00002C2B8E /* Project object */;
}
